
Microsoft Visual Studio Solution File, Format Version 12.00
# Visual Studio Version 17
VisualStudioVersion = 17.1.32328.378
MinimumVisualStudioVersion = 10.0.40219.1
Project("{FAE04EC0-301F-11D3-BF4B-00C04F79EFBC}") = "EVA3PAA", "EVA3PAA\EVA3PAA.csproj", "{C1CDABCC-1ACB-4315-A624-D1B7C12B74EF}"
EndProject
Project("{FAE04EC0-301F-11D3-BF4B-00C04F79EFBC}") = "MedidorInteligentePrueba", "..\MedidorInteligentePrueba\MedidorInteligentePrueba\MedidorInteligentePrueba.csproj", "{542205B7-98E6-43A6-9AC5-2C5CE02CB943}"
EndProject
Project("{FAE04EC0-301F-11D3-BF4B-00C04F79EFBC}") = "EVA3PAAModel", "EVA3PAAModel\EVA3PAAModel.csproj", "{7BBD519F-5334-4894-87B9-93E135FFE33F}"
EndProject
Global
	GlobalSection(SolutionConfigurationPlatforms) = preSolution
		Debug|Any CPU = Debug|Any CPU
		Release|Any CPU = Release|Any CPU
	EndGlobalSection
	GlobalSection(ProjectConfigurationPlatforms) = postSolution
		{C1CDABCC-1ACB-4315-A624-D1B7C12B74EF}.Debug|Any CPU.ActiveCfg = Debug|Any CPU
		{C1CDABCC-1ACB-4315-A624-D1B7C12B74EF}.Debug|Any CPU.Build.0 = Debug|Any CPU
		{C1CDABCC-1ACB-4315-A624-D1B7C12B74EF}.Release|Any CPU.ActiveCfg = Release|Any CPU
		{C1CDABCC-1ACB-4315-A624-D1B7C12B74EF}.Release|Any CPU.Build.0 = Release|Any CPU
		{542205B7-98E6-43A6-9AC5-2C5CE02CB943}.Debug|Any CPU.ActiveCfg = Debug|Any CPU
		{542205B7-98E6-43A6-9AC5-2C5CE02CB943}.Debug|Any CPU.Build.0 = Debug|Any CPU
		{542205B7-98E6-43A6-9AC5-2C5CE02CB943}.Release|Any CPU.ActiveCfg = Release|Any CPU
		{542205B7-98E6-43A6-9AC5-2C5CE02CB943}.Release|Any CPU.Build.0 = Release|Any CPU
		{7BBD519F-5334-4894-87B9-93E135FFE33F}.Debug|Any CPU.ActiveCfg = Debug|Any CPU
		{7BBD519F-5334-4894-87B9-93E135FFE33F}.Debug|Any CPU.Build.0 = Debug|Any CPU
		{7BBD519F-5334-4894-87B9-93E135FFE33F}.Release|Any CPU.ActiveCfg = Release|Any CPU
		{7BBD519F-5334-4894-87B9-93E135FFE33F}.Release|Any CPU.Build.0 = Release|Any CPU
	EndGlobalSection
	GlobalSection(SolutionProperties) = preSolution
		HideSolutionNode = FALSE
	EndGlobalSection
	GlobalSection(ExtensibilityGlobals) = postSolution
		SolutionGuid = {7EFBD682-7935-4C8B-AAD8-9DA08754FDC7}
	EndGlobalSection
EndGlobal
